
Microsoft Visual Studio Solution File, Format Version 12.00
# Visual Studio Version 16
VisualStudioVersion = 16.0.29613.14
MinimumVisualStudioVersion = 10.0.40219.1
Project("{FAE04EC0-301F-11D3-BF4B-00C04F79EFBC}") = "Ejemplo1", "Ejemplo1.csproj", "{51FBD4CF-A10E-4C21-BE94-A306E0AB2846}"
EndProject
Global
	GlobalSection(SolutionConfigurationPlatforms) = preSolution
		Debug|Any CPU = Debug|Any CPU
		Release|Any CPU = Release|Any CPU
	EndGlobalSection
	GlobalSection(ProjectConfigurationPlatforms) = postSolution
		{51FBD4CF-A10E-4C21-BE94-A306E0AB2846}.Debug|Any CPU.ActiveCfg = Debug|Any CPU
		{51FBD4CF-A10E-4C21-BE94-A306E0AB2846}.Debug|Any CPU.Build.0 = Debug|Any CPU
		{51FBD4CF-A10E-4C21-BE94-A306E0AB2846}.Release|Any CPU.ActiveCfg = Release|Any CPU
		{51FBD4CF-A10E-4C21-BE94-A306E0AB2846}.Release|Any CPU.Build.0 = Release|Any CPU
	EndGlobalSection
	GlobalSection(SolutionProperties) = preSolution
		HideSolutionNode = FALSE
	EndGlobalSection
	GlobalSection(ExtensibilityGlobals) = postSolution
		SolutionGuid = {0E56C339-CCF8-4C19-99FC-39B9C3F55D5F}
	EndGlobalSection
EndGlobal
